
Microsoft Visual Studio Solution File, Format Version 12.00
# Visual Studio 2012
Project("{FAE04EC0-301F-11D3-BF4B-00C04F79EFBC}") = "TicTacToe", "TicTacToe\TicTacToe.csproj", "{011355B9-4356-4253-95CB-DFFFB9819B48}"
EndProject
Project("{FAE04EC0-301F-11D3-BF4B-00C04F79EFBC}") = "TicTacToeTests", "TicTacToeTests\TicTacToeTests.csproj", "{D753E76A-D16B-4E59-99DD-FBEFC212F9CE}"
EndProject
Global
	GlobalSection(SolutionConfigurationPlatforms) = preSolution
		Debug|Any CPU = Debug|Any CPU
		Release|Any CPU = Release|Any CPU
	EndGlobalSection
	GlobalSection(ProjectConfigurationPlatforms) = postSolution
		{011355B9-4356-4253-95CB-DFFFB9819B48}.Debug|Any CPU.ActiveCfg = Debug|Any CPU
		{011355B9-4356-4253-95CB-DFFFB9819B48}.Debug|Any CPU.Build.0 = Debug|Any CPU
		{011355B9-4356-4253-95CB-DFFFB9819B48}.Release|Any CPU.ActiveCfg = Release|Any CPU
		{011355B9-4356-4253-95CB-DFFFB9819B48}.Release|Any CPU.Build.0 = Release|Any CPU
		{D753E76A-D16B-4E59-99DD-FBEFC212F9CE}.Debug|Any CPU.ActiveCfg = Debug|Any CPU
		{D753E76A-D16B-4E59-99DD-FBEFC212F9CE}.Debug|Any CPU.Build.0 = Debug|Any CPU
		{D753E76A-D16B-4E59-99DD-FBEFC212F9CE}.Release|Any CPU.ActiveCfg = Release|Any CPU
		{D753E76A-D16B-4E59-99DD-FBEFC212F9CE}.Release|Any CPU.Build.0 = Release|Any CPU
	EndGlobalSection
	GlobalSection(SolutionProperties) = preSolution
		HideSolutionNode = FALSE
	EndGlobalSection
EndGlobal
